
Microsoft Visual Studio Solution File, Format Version 12.00
# Visual Studio Version 16
VisualStudioVersion = 16.0.29209.62
MinimumVisualStudioVersion = 10.0.40219.1
Project("{FAE04EC0-301F-11D3-BF4B-00C04F79EFBC}") = "Day 32 - WebAPIKeys", "Day 32 - WebAPIKeys\Day 32 - WebAPIKeys.csproj", "{944118C8-6329-4DAB-BE45-7BD51CB4D161}"
EndProject
Project("{FAE04EC0-301F-11D3-BF4B-00C04F79EFBC}") = "LoveCalculatorApp", "LoveCalculatorApp\LoveCalculatorApp.csproj", "{4C095A30-D88B-476D-86A7-4DB0F0A9A36F}"
EndProject
Global
	GlobalSection(SolutionConfigurationPlatforms) = preSolution
		Debug|Any CPU = Debug|Any CPU
		Release|Any CPU = Release|Any CPU
	EndGlobalSection
	GlobalSection(ProjectConfigurationPlatforms) = postSolution
		{944118C8-6329-4DAB-BE45-7BD51CB4D161}.Debug|Any CPU.ActiveCfg = Debug|Any CPU
		{944118C8-6329-4DAB-BE45-7BD51CB4D161}.Debug|Any CPU.Build.0 = Debug|Any CPU
		{944118C8-6329-4DAB-BE45-7BD51CB4D161}.Release|Any CPU.ActiveCfg = Release|Any CPU
		{944118C8-6329-4DAB-BE45-7BD51CB4D161}.Release|Any CPU.Build.0 = Release|Any CPU
		{4C095A30-D88B-476D-86A7-4DB0F0A9A36F}.Debug|Any CPU.ActiveCfg = Debug|Any CPU
		{4C095A30-D88B-476D-86A7-4DB0F0A9A36F}.Debug|Any CPU.Build.0 = Debug|Any CPU
		{4C095A30-D88B-476D-86A7-4DB0F0A9A36F}.Release|Any CPU.ActiveCfg = Release|Any CPU
		{4C095A30-D88B-476D-86A7-4DB0F0A9A36F}.Release|Any CPU.Build.0 = Release|Any CPU
	EndGlobalSection
	GlobalSection(SolutionProperties) = preSolution
		HideSolutionNode = FALSE
	EndGlobalSection
	GlobalSection(ExtensibilityGlobals) = postSolution
		SolutionGuid = {6DEA60A1-C48D-498A-A66F-4A90B4D2092B}
	EndGlobalSection
EndGlobal
