
Microsoft Visual Studio Solution File, Format Version 12.00
# Visual Studio Version 16
VisualStudioVersion = 16.0.29102.190
MinimumVisualStudioVersion = 10.0.40219.1
Project("{FAE04EC0-301F-11D3-BF4B-00C04F79EFBC}") = "UnitTestDemo", "UnitTestDemo\UnitTestDemo.csproj", "{0E24F52A-9EFA-4511-8A50-8E04DBC41349}"
EndProject
Global
	GlobalSection(SolutionConfigurationPlatforms) = preSolution
		Debug|Any CPU = Debug|Any CPU
		Release|Any CPU = Release|Any CPU
	EndGlobalSection
	GlobalSection(ProjectConfigurationPlatforms) = postSolution
		{0E24F52A-9EFA-4511-8A50-8E04DBC41349}.Debug|Any CPU.ActiveCfg = Debug|Any CPU
		{0E24F52A-9EFA-4511-8A50-8E04DBC41349}.Debug|Any CPU.Build.0 = Debug|Any CPU
		{0E24F52A-9EFA-4511-8A50-8E04DBC41349}.Release|Any CPU.ActiveCfg = Release|Any CPU
		{0E24F52A-9EFA-4511-8A50-8E04DBC41349}.Release|Any CPU.Build.0 = Release|Any CPU
	EndGlobalSection
	GlobalSection(SolutionProperties) = preSolution
		HideSolutionNode = FALSE
	EndGlobalSection
	GlobalSection(ExtensibilityGlobals) = postSolution
		SolutionGuid = {01382621-07A7-4DDD-9EA1-24E46C6BF3FE}
	EndGlobalSection
EndGlobal
