
Microsoft Visual Studio Solution File, Format Version 12.00
# Visual Studio Version 16
VisualStudioVersion = 16.0.29102.190
MinimumVisualStudioVersion = 10.0.40219.1
Project("{FAE04EC0-301F-11D3-BF4B-00C04F79EFBC}") = "ConditionalsExercise1", "ConditionalsExercise1\ConditionalsExercise1.csproj", "{B61C819E-0FBA-4D78-8C9F-70E8F3DD70B8}"
EndProject
Global
	GlobalSection(SolutionConfigurationPlatforms) = preSolution
		Debug|Any CPU = Debug|Any CPU
		Release|Any CPU = Release|Any CPU
	EndGlobalSection
	GlobalSection(ProjectConfigurationPlatforms) = postSolution
		{B61C819E-0FBA-4D78-8C9F-70E8F3DD70B8}.Debug|Any CPU.ActiveCfg = Debug|Any CPU
		{B61C819E-0FBA-4D78-8C9F-70E8F3DD70B8}.Debug|Any CPU.Build.0 = Debug|Any CPU
		{B61C819E-0FBA-4D78-8C9F-70E8F3DD70B8}.Release|Any CPU.ActiveCfg = Release|Any CPU
		{B61C819E-0FBA-4D78-8C9F-70E8F3DD70B8}.Release|Any CPU.Build.0 = Release|Any CPU
	EndGlobalSection
	GlobalSection(SolutionProperties) = preSolution
		HideSolutionNode = FALSE
	EndGlobalSection
	GlobalSection(ExtensibilityGlobals) = postSolution
		SolutionGuid = {3DE3AED9-9B0E-452B-88D8-61A27C0E7C5D}
	EndGlobalSection
EndGlobal
