
Microsoft Visual Studio Solution File, Format Version 12.00
# Visual Studio Version 16
VisualStudioVersion = 16.0.29209.62
MinimumVisualStudioVersion = 10.0.40219.1
Project("{FAE04EC0-301F-11D3-BF4B-00C04F79EFBC}") = "Day 31 - EFCoreCodeFirst", "Day 31 - EFCoreCodeFirst\Day 31 - EFCoreCodeFirst.csproj", "{126096ED-F9C2-4D3C-AC0F-6932AE02B812}"
EndProject
Global
	GlobalSection(SolutionConfigurationPlatforms) = preSolution
		Debug|Any CPU = Debug|Any CPU
		Release|Any CPU = Release|Any CPU
	EndGlobalSection
	GlobalSection(ProjectConfigurationPlatforms) = postSolution
		{126096ED-F9C2-4D3C-AC0F-6932AE02B812}.Debug|Any CPU.ActiveCfg = Debug|Any CPU
		{126096ED-F9C2-4D3C-AC0F-6932AE02B812}.Debug|Any CPU.Build.0 = Debug|Any CPU
		{126096ED-F9C2-4D3C-AC0F-6932AE02B812}.Release|Any CPU.ActiveCfg = Release|Any CPU
		{126096ED-F9C2-4D3C-AC0F-6932AE02B812}.Release|Any CPU.Build.0 = Release|Any CPU
	EndGlobalSection
	GlobalSection(SolutionProperties) = preSolution
		HideSolutionNode = FALSE
	EndGlobalSection
	GlobalSection(ExtensibilityGlobals) = postSolution
		SolutionGuid = {D37F7720-DD78-4D4E-8156-997A72D882FB}
	EndGlobalSection
EndGlobal
